
Microsoft Visual Studio Solution File, Format Version 12.00
# Visual Studio 14
VisualStudioVersion = 14.0.25420.1
MinimumVisualStudioVersion = 10.0.40219.1
Project("{8BC9CEB8-8B4A-11D0-8D11-00A0C91BC942}") = "BOW-a film guessing game", "BOOLYWOOD-a film guessing game\BOOLYWOOD-a film guessing game.vcxproj", "{437F6F6E-555B-4384-B3AB-E7F7831890B9}"
EndProject
Global
	GlobalSection(SolutionConfigurationPlatforms) = preSolution
		Debug|Win32 = Debug|Win32
		Release|Win32 = Release|Win32
	EndGlobalSection
	GlobalSection(ProjectConfigurationPlatforms) = postSolution
		{437F6F6E-555B-4384-B3AB-E7F7831890B9}.Debug|Win32.ActiveCfg = Debug|Win32
		{437F6F6E-555B-4384-B3AB-E7F7831890B9}.Debug|Win32.Build.0 = Debug|Win32
		{437F6F6E-555B-4384-B3AB-E7F7831890B9}.Release|Win32.ActiveCfg = Release|Win32
		{437F6F6E-555B-4384-B3AB-E7F7831890B9}.Release|Win32.Build.0 = Release|Win32
	EndGlobalSection
	GlobalSection(SolutionProperties) = preSolution
		HideSolutionNode = FALSE
	EndGlobalSection
EndGlobal
